{
  "name": "js",
  "version": "1.0.0",
  "lockfileVersion": 3,
  "requires": true,
  "packages": {
    "": {
      "name": "js",
      "version": "1.0.0",
      "license": "ISC",
      "dependencies": {
        "@bytecodealliance/jco": "^0.8.0",
        "@bytecodealliance/preview2-shim": "^0.0.9"
      },
      "devDependencies": {
        "typescript": "^5.1.3"
      }
    },
    "node_modules/@bytecodealliance/jco": {
      "version": "0.8.0",
      "resolved": "https://registry.npmjs.org/@bytecodealliance/jco/-/jco-0.8.0.tgz",
      "integrity": "sha512-SJCJ4I/HQViQUfeBZ5j/mBuR8+P5jCqYR9shaHRgFpAaMpwFug5q0cxjxYreeqUE+lSbj9+2hZ5EvfrT89fukg==",
      "dependencies": {
        "@bytecodealliance/preview2-shim": "0.0.9"
      },
      "bin": {
        "jco": "cli.mjs"
      }
    },
    "node_modules/@bytecodealliance/preview2-shim": {
      "version": "0.0.9",
      "resolved": "https://registry.npmjs.org/@bytecodealliance/preview2-shim/-/preview2-shim-0.0.9.tgz",
      "integrity": "sha512-sXhKMroekmhPYndRAr3XQBom9O9MYZR2fey6gqIoEvP4Wlv+tZRRE2oS+P7rcQuPcegUoaQvpKUHEFkEwapHfQ=="
    },
    "node_modules/typescript": {
      "version": "5.1.3",
      "resolved": "https://registry.npmjs.org/typescript/-/typescript-5.1.3.tgz",
      "integrity": "sha512-XH627E9vkeqhlZFQuL+UsyAXEnibT0kWR2FWONlr4sTjvxyJYnyefgrkyECLzM5NenmKzRAy2rR/OlYLA1HkZw==",
      "dev": true,
      "bin": {
        "tsc": "bin/tsc",
        "tsserver": "bin/tsserver"
      },
      "engines": {
        "node": ">=14.17"
      }
    }
  }
}
